Microsoft Visual Studio Solution File, Format Version 12.00
# Visual Studio Version 17
VisualStudioVersion = 17.5.2.0
MinimumVisualStudioVersion = 10.0.40219.1
Project("{FAE04EC0-301F-11D3-BF4B-00C04F79EFBC}") = "ProyexBackend", "ProyexBackend.csproj", "{FA45CDBC-DBF4-6697-2992-34B0E07F69E2}"
EndProject
Global
	GlobalSection(SolutionConfigurationPlatforms) = preSolution
		Debug|Any CPU = Debug|Any CPU
		Release|Any CPU = Release|Any CPU
	EndGlobalSection
	GlobalSection(ProjectConfigurationPlatforms) = postSolution
		{FA45CDBC-DBF4-6697-2992-34B0E07F69E2}.Debug|Any CPU.ActiveCfg = Debug|Any CPU
		{FA45CDBC-DBF4-6697-2992-34B0E07F69E2}.Debug|Any CPU.Build.0 = Debug|Any CPU
		{FA45CDBC-DBF4-6697-2992-34B0E07F69E2}.Release|Any CPU.ActiveCfg = Release|Any CPU
		{FA45CDBC-DBF4-6697-2992-34B0E07F69E2}.Release|Any CPU.Build.0 = Release|Any CPU
	EndGlobalSection
	GlobalSection(SolutionProperties) = preSolution
		HideSolutionNode = FALSE
	EndGlobalSection
	GlobalSection(ExtensibilityGlobals) = postSolution
		SolutionGuid = {357F31B5-A570-440E-AD22-CEEADB97F5DF}
	EndGlobalSection
EndGlobal
